# Code generated by scarb DO NOT EDIT.
version = 1

[[package]]
name = "snforge_std"
version = "0.24.0"
source = "git+https://github.com/foundry-rs/starknet-foundry?tag=v0.24.0#95e9fb09cb91b3c05295915179ee1b55bf923653"

[[package]]
name = "tests_suite"
version = "0.1.0"
dependencies = [
 "snforge_std",
]
